// !$*UTF8*$!
{
	archiveVersion = 1;
	classes = {
	};
	objectVersion = 77;
	objects = {

/* Begin PBXBuildFile section */
		4C917D7A2E303B11007817EB /* Launch Screen.storyboard in Resources */ = {isa = PBXBuildFile; fileRef = 4C917D792E303B11007817EB /* Launch Screen.storyboard */; };
		4CAE8C092E2FCBFC00B69BA8 /* RootView.swift in Sources */ = {isa = PBXBuildFile; fileRef = 4CAE8C042E2FCBFC00B69BA8 /* RootView.swift */; };
		4CAE8C0A2E2FCBFC00B69BA8 /* kycFlowApp.swift in Sources */ = {isa = PBXBuildFile; fileRef = 4CAE8C062E2FCBFC00B69BA8 /* kycFlowApp.swift */; };
		4CAE8C0B2E2FCBFC00B69BA8 /* Assets.xcassets in Resources */ = {isa = PBXBuildFile; fileRef = 4CAE8C032E2FCBFC00B69BA8 /* Assets.xcassets */; };
		4CAE8C0D2E2FCBFC00B69BA8 /* Manifest.json in Resources */ = {isa = PBXBuildFile; fileRef = 4CAE8C072E2FCBFC00B69BA8 /* Manifest.json */; };
		4CAE8C102E2FCC0000B69BA8 /* kycFlowTests.swift in Sources */ = {isa = PBXBuildFile; fileRef = 4CAE8C0E2E2FCC0000B69BA8 /* kycFlowTests.swift */; };
		4CAE8C142E2FCC0400B69BA8 /* kycFlowUITests.swift in Sources */ = {isa = PBXBuildFile; fileRef = 4CAE8C112E2FCC0400B69BA8 /* kycFlowUITests.swift */; };
		4CAE8C152E2FCC0400B69BA8 /* kycFlowUITestsLaunchTests.swift in Sources */ = {isa = PBXBuildFile; fileRef = 4CAE8C122E2FCC0400B69BA8 /* kycFlowUITestsLaunchTests.swift */; };
		4CAE8C1E2E2FCD0200B69BA8 /* kyc_tr.json in Resources */ = {isa = PBXBuildFile; fileRef = 4CAE8C1D2E2FCCFA00B69BA8 /* kyc_tr.json */; };
		4CAE8C212E2FCDB800B69BA8 /* CountryInfo.swift in Sources */ = {isa = PBXBuildFile; fileRef = 4CAE8C202E2FCDB300B69BA8 /* CountryInfo.swift */; };
		4CAE8C232E2FCE5500B69BA8 /* KycCountryInfo.swift in Sources */ = {isa = PBXBuildFile; fileRef = 4CAE8C222E2FCE4C00B69BA8 /* KycCountryInfo.swift */; };
		4CAE8C252E2FD44000B69BA8 /* LoadData.swift in Sources */ = {isa = PBXBuildFile; fileRef = 4CAE8C242E2FD43E00B69BA8 /* LoadData.swift */; };
		4CAE8C282E2FD56200B69BA8 /* DataDecoder.swift in Sources */ = {isa = PBXBuildFile; fileRef = 4CAE8C272E2FD55E00B69BA8 /* DataDecoder.swift */; };
		4CD65D882E304D700063B253 /* FormFieldItemViewModel.swift in Sources */ = {isa = PBXBuildFile; fileRef = 4CD65D872E304D680063B253 /* FormFieldItemViewModel.swift */; };
		4CD65D8A2E3051410063B253 /* FormFieldView.swift in Sources */ = {isa = PBXBuildFile; fileRef = 4CD65D892E30513C0063B253 /* FormFieldView.swift */; };
		4CE01A5B2E2FE494009174E7 /* ConfigurationManager.swift in Sources */ = {isa = PBXBuildFile; fileRef = 4CE01A5A2E2FE489009174E7 /* ConfigurationManager.swift */; };
		4CE01A5E2E2FE932009174E7 /* CountrySelectionView.swift in Sources */ = {isa = PBXBuildFile; fileRef = 4CE01A5D2E2FE929009174E7 /* CountrySelectionView.swift */; };
		4CF3319F2E3016620080D0A4 /* AppRouter.swift in Sources */ = {isa = PBXBuildFile; fileRef = 4CF3319E2E30165F0080D0A4 /* AppRouter.swift */; };
		4CF331A12E30179A0080D0A4 /* FormView.swift in Sources */ = {isa = PBXBuildFile; fileRef = 4CF331A02E3017950080D0A4 /* FormView.swift */; };
		4CF331A42E3017C80080D0A4 /* FormViewModel.swift in Sources */ = {isa = PBXBuildFile; fileRef = 4CF331A32E3017C50080D0A4 /* FormViewModel.swift */; };
		4CF331A72E3022300080D0A4 /* CountryPickerCardView.swift in Sources */ = {isa = PBXBuildFile; fileRef = 4CF331A62E3022220080D0A4 /* CountryPickerCardView.swift */; };
		4CF331A92E3023710080D0A4 /* PrimaryButtonView.swift in Sources */ = {isa = PBXBuildFile; fileRef = 4CF331A82E30236B0080D0A4 /* PrimaryButtonView.swift */; };
		4CF331AE2E3028050080D0A4 /* HeaderView.swift in Sources */ = {isa = PBXBuildFile; fileRef = 4CF331AD2E3027FD0080D0A4 /* HeaderView.swift */; };
		4CF331AF2E302BA90080D0A4 /* kyc_nl.json in Resources */ = {isa = PBXBuildFile; fileRef = 4CAE8C172E2FCC1000B69BA8 /* kyc_nl.json */; };
		4CF331B32E302CCB0080D0A4 /* kyc_de.json in Resources */ = {isa = PBXBuildFile; fileRef = 4CF331B22E302CCB0080D0A4 /* kyc_de.json */; };
/* End PBXBuildFile section */

/* Begin PBXContainerItemProxy section */
		4C77EB1C2E2E4510008CBC6C /* PBXContainerItemProxy */ = {
			isa = PBXContainerItemProxy;
			containerPortal = 4C77EB032E2E450E008CBC6C /* Project object */;
			proxyType = 1;
			remoteGlobalIDString = 4C77EB0A2E2E450E008CBC6C;
			remoteInfo = kycFlow;
		};
		4C77EB262E2E4510008CBC6C /* PBXContainerItemProxy */ = {
			isa = PBXContainerItemProxy;
			containerPortal = 4C77EB032E2E450E008CBC6C /* Project object */;
			proxyType = 1;
			remoteGlobalIDString = 4C77EB0A2E2E450E008CBC6C;
			remoteInfo = kycFlow;
		};
/* End PBXContainerItemProxy section */

/* Begin PBXFileReference section */
		4C77EB0B2E2E450E008CBC6C /* kycFlow.app */ = {isa = PBXFileReference; explicitFileType = wrapper.application; includeInIndex = 0; path = kycFlow.app; sourceTree = BUILT_PRODUCTS_DIR; };
		4C77EB1B2E2E4510008CBC6C /* kycFlowTests.xctest */ = {isa = PBXFileReference; explicitFileType = wrapper.cfbundle; includeInIndex = 0; path = kycFlowTests.xctest; sourceTree = BUILT_PRODUCTS_DIR; };
		4C77EB252E2E4510008CBC6C /* kycFlowUITests.xctest */ = {isa = PBXFileReference; explicitFileType = wrapper.cfbundle; includeInIndex = 0; path = kycFlowUITests.xctest; sourceTree = BUILT_PRODUCTS_DIR; };
		4C917D792E303B11007817EB /* Launch Screen.storyboard */ = {isa = PBXFileReference; lastKnownFileType = file.storyboard; path = "Launch Screen.storyboard"; sourceTree = "<group>"; };
		4CAE8C032E2FCBFC00B69BA8 /* Assets.xcassets */ = {isa = PBXFileReference; lastKnownFileType = folder.assetcatalog; path = Assets.xcassets; sourceTree = "<group>"; };
		4CAE8C042E2FCBFC00B69BA8 /* RootView.swift */ = {isa = PBXFileReference; lastKnownFileType = sourcecode.swift; path = RootView.swift; sourceTree = "<group>"; };
		4CAE8C062E2FCBFC00B69BA8 /* kycFlowApp.swift */ = {isa = PBXFileReference; lastKnownFileType = sourcecode.swift; path = kycFlowApp.swift; sourceTree = "<group>"; };
		4CAE8C072E2FCBFC00B69BA8 /* Manifest.json */ = {isa = PBXFileReference; lastKnownFileType = text.json; path = Manifest.json; sourceTree = "<group>"; };
		4CAE8C0E2E2FCC0000B69BA8 /* kycFlowTests.swift */ = {isa = PBXFileReference; lastKnownFileType = sourcecode.swift; path = kycFlowTests.swift; sourceTree = "<group>"; };
		4CAE8C112E2FCC0400B69BA8 /* kycFlowUITests.swift */ = {isa = PBXFileReference; lastKnownFileType = sourcecode.swift; path = kycFlowUITests.swift; sourceTree = "<group>"; };
		4CAE8C122E2FCC0400B69BA8 /* kycFlowUITestsLaunchTests.swift */ = {isa = PBXFileReference; lastKnownFileType = sourcecode.swift; path = kycFlowUITestsLaunchTests.swift; sourceTree = "<group>"; };
		4CAE8C172E2FCC1000B69BA8 /* kyc_nl.json */ = {isa = PBXFileReference; lastKnownFileType = text.json; path = kyc_nl.json; sourceTree = "<group>"; };
		4CAE8C1D2E2FCCFA00B69BA8 /* kyc_tr.json */ = {isa = PBXFileReference; lastKnownFileType = text.json; path = kyc_tr.json; sourceTree = "<group>"; };
		4CAE8C202E2FCDB300B69BA8 /* CountryInfo.swift */ = {isa = PBXFileReference; lastKnownFileType = sourcecode.swift; path = CountryInfo.swift; sourceTree = "<group>"; };
		4CAE8C222E2FCE4C00B69BA8 /* KycCountryInfo.swift */ = {isa = PBXFileReference; lastKnownFileType = sourcecode.swift; path = KycCountryInfo.swift; sourceTree = "<group>"; };
		4CAE8C242E2FD43E00B69BA8 /* LoadData.swift */ = {isa = PBXFileReference; lastKnownFileType = sourcecode.swift; path = LoadData.swift; sourceTree = "<group>"; };
		4CAE8C272E2FD55E00B69BA8 /* DataDecoder.swift */ = {isa = PBXFileReference; lastKnownFileType = sourcecode.swift; path = DataDecoder.swift; sourceTree = "<group>"; };
		4CD65D872E304D680063B253 /* FormFieldItemViewModel.swift */ = {isa = PBXFileReference; lastKnownFileType = sourcecode.swift; path = FormFieldItemViewModel.swift; sourceTree = "<group>"; };
		4CD65D892E30513C0063B253 /* FormFieldView.swift */ = {isa = PBXFileReference; lastKnownFileType = sourcecode.swift; path = FormFieldView.swift; sourceTree = "<group>"; };
		4CE01A5A2E2FE489009174E7 /* ConfigurationManager.swift */ = {isa = PBXFileReference; lastKnownFileType = sourcecode.swift; path = ConfigurationManager.swift; sourceTree = "<group>"; };
		4CE01A5D2E2FE929009174E7 /* CountrySelectionView.swift */ = {isa = PBXFileReference; lastKnownFileType = sourcecode.swift; path = CountrySelectionView.swift; sourceTree = "<group>"; };
		4CF3319E2E30165F0080D0A4 /* AppRouter.swift */ = {isa = PBXFileReference; lastKnownFileType = sourcecode.swift; path = AppRouter.swift; sourceTree = "<group>"; };
		4CF331A02E3017950080D0A4 /* FormView.swift */ = {isa = PBXFileReference; lastKnownFileType = sourcecode.swift; path = FormView.swift; sourceTree = "<group>"; };
		4CF331A32E3017C50080D0A4 /* FormViewModel.swift */ = {isa = PBXFileReference; lastKnownFileType = sourcecode.swift; path = FormViewModel.swift; sourceTree = "<group>"; };
		4CF331A62E3022220080D0A4 /* CountryPickerCardView.swift */ = {isa = PBXFileReference; lastKnownFileType = sourcecode.swift; path = CountryPickerCardView.swift; sourceTree = "<group>"; };
		4CF331A82E30236B0080D0A4 /* PrimaryButtonView.swift */ = {isa = PBXFileReference; lastKnownFileType = sourcecode.swift; path = PrimaryButtonView.swift; sourceTree = "<group>"; };
		4CF331AD2E3027FD0080D0A4 /* HeaderView.swift */ = {isa = PBXFileReference; lastKnownFileType = sourcecode.swift; path = HeaderView.swift; sourceTree = "<group>"; };
		4CF331B22E302CCB0080D0A4 /* kyc_de.json */ = {isa = PBXFileReference; lastKnownFileType = text.json; path = kyc_de.json; sourceTree = "<group>"; };
/* End PBXFileReference section */

/* Begin PBXFrameworksBuildPhase section */
		4C77EB082E2E450E008CBC6C /* Frameworks */ = {
			isa = PBXFrameworksBuildPhase;
			buildActionMask = 2147483647;
			files = (
			);
			runOnlyForDeploymentPostprocessing = 0;
		};
		4C77EB182E2E4510008CBC6C /* Frameworks */ = {
			isa = PBXFrameworksBuildPhase;
			buildActionMask = 2147483647;
			files = (
			);
			runOnlyForDeploymentPostprocessing = 0;
		};
		4C77EB222E2E4510008CBC6C /* Frameworks */ = {
			isa = PBXFrameworksBuildPhase;
			buildActionMask = 2147483647;
			files = (
			);
			runOnlyForDeploymentPostprocessing = 0;
		};
/* End PBXFrameworksBuildPhase section */

/* Begin PBXGroup section */
		4C77EB022E2E450E008CBC6C = {
			isa = PBXGroup;
			children = (
				4CAE8C082E2FCBFC00B69BA8 /* kycFlow */,
				4CAE8C0F2E2FCC0000B69BA8 /* kycFlowTests */,
				4CAE8C132E2FCC0400B69BA8 /* kycFlowUITests */,
				4C77EB0C2E2E450E008CBC6C /* Products */,
			);
			sourceTree = "<group>";
		};
		4C77EB0C2E2E450E008CBC6C /* Products */ = {
			isa = PBXGroup;
			children = (
				4C77EB0B2E2E450E008CBC6C /* kycFlow.app */,
				4C77EB1B2E2E4510008CBC6C /* kycFlowTests.xctest */,
				4C77EB252E2E4510008CBC6C /* kycFlowUITests.xctest */,
			);
			name = Products;
			sourceTree = "<group>";
		};
		4CAE8C082E2FCBFC00B69BA8 /* kycFlow */ = {
			isa = PBXGroup;
			children = (
				4CE01A5A2E2FE489009174E7 /* ConfigurationManager.swift */,
				4CAE8C262E2FD55100B69BA8 /* Utility */,
				4CAE8C1F2E2FCDA700B69BA8 /* Models */,
				4CAE8C162E2FCC0700B69BA8 /* JSONs */,
				4CAE8C032E2FCBFC00B69BA8 /* Assets.xcassets */,
				4CAE8C062E2FCBFC00B69BA8 /* kycFlowApp.swift */,
				4CE01A5C2E2FE91B009174E7 /* kycFlowUI */,
			);
			path = kycFlow;
			sourceTree = "<group>";
		};
		4CAE8C0F2E2FCC0000B69BA8 /* kycFlowTests */ = {
			isa = PBXGroup;
			children = (
				4CAE8C0E2E2FCC0000B69BA8 /* kycFlowTests.swift */,
			);
			path = kycFlowTests;
			sourceTree = "<group>";
		};
		4CAE8C132E2FCC0400B69BA8 /* kycFlowUITests */ = {
			isa = PBXGroup;
			children = (
				4CAE8C112E2FCC0400B69BA8 /* kycFlowUITests.swift */,
				4CAE8C122E2FCC0400B69BA8 /* kycFlowUITestsLaunchTests.swift */,
			);
			path = kycFlowUITests;
			sourceTree = "<group>";
		};
		4CAE8C162E2FCC0700B69BA8 /* JSONs */ = {
			isa = PBXGroup;
			children = (
				4CAE8C1D2E2FCCFA00B69BA8 /* kyc_tr.json */,
				4CF331B22E302CCB0080D0A4 /* kyc_de.json */,
				4CAE8C172E2FCC1000B69BA8 /* kyc_nl.json */,
				4CAE8C072E2FCBFC00B69BA8 /* Manifest.json */,
			);
			path = JSONs;
			sourceTree = "<group>";
		};
		4CAE8C1F2E2FCDA700B69BA8 /* Models */ = {
			isa = PBXGroup;
			children = (
				4CAE8C222E2FCE4C00B69BA8 /* KycCountryInfo.swift */,
				4CAE8C202E2FCDB300B69BA8 /* CountryInfo.swift */,
			);
			path = Models;
			sourceTree = "<group>";
		};
		4CAE8C262E2FD55100B69BA8 /* Utility */ = {
			isa = PBXGroup;
			children = (
				4CF3319E2E30165F0080D0A4 /* AppRouter.swift */,
				4CAE8C272E2FD55E00B69BA8 /* DataDecoder.swift */,
				4CAE8C242E2FD43E00B69BA8 /* LoadData.swift */,
			);
			path = Utility;
			sourceTree = "<group>";
		};
		4CE01A5C2E2FE91B009174E7 /* kycFlowUI */ = {
			isa = PBXGroup;
			children = (
				4CF331AC2E3027E20080D0A4 /* Common */,
				4CF331A52E3022060080D0A4 /* CountrySelection */,
				4CF331A22E3017BE0080D0A4 /* Form */,
				4CAE8C042E2FCBFC00B69BA8 /* RootView.swift */,
				4C917D792E303B11007817EB /* Launch Screen.storyboard */,
			);
			path = kycFlowUI;
			sourceTree = "<group>";
		};
		4CF331A22E3017BE0080D0A4 /* Form */ = {
			isa = PBXGroup;
			children = (
				4CD65D892E30513C0063B253 /* FormFieldView.swift */,
				4CD65D872E304D680063B253 /* FormFieldItemViewModel.swift */,
				4CF331A32E3017C50080D0A4 /* FormViewModel.swift */,
				4CF331A02E3017950080D0A4 /* FormView.swift */,
			);
			path = Form;
			sourceTree = "<group>";
		};
		4CF331A52E3022060080D0A4 /* CountrySelection */ = {
			isa = PBXGroup;
			children = (
				4CF331A62E3022220080D0A4 /* CountryPickerCardView.swift */,
				4CE01A5D2E2FE929009174E7 /* CountrySelectionView.swift */,
			);
			path = CountrySelection;
			sourceTree = "<group>";
		};
		4CF331AC2E3027E20080D0A4 /* Common */ = {
			isa = PBXGroup;
			children = (
				4CF331AD2E3027FD0080D0A4 /* HeaderView.swift */,
				4CF331A82E30236B0080D0A4 /* PrimaryButtonView.swift */,
			);
			path = Common;
			sourceTree = "<group>";
		};
/* End PBXGroup section */

/* Begin PBXNativeTarget section */
		4C77EB0A2E2E450E008CBC6C /* kycFlow */ = {
			isa = PBXNativeTarget;
			buildConfigurationList = 4C77EB2F2E2E4510008CBC6C /* Build configuration list for PBXNativeTarget "kycFlow" */;
			buildPhases = (
				4C77EB072E2E450E008CBC6C /* Sources */,
				4C77EB082E2E450E008CBC6C /* Frameworks */,
				4C77EB092E2E450E008CBC6C /* Resources */,
			);
			buildRules = (
			);
			dependencies = (
			);
			name = kycFlow;
			packageProductDependencies = (
			);
			productName = kycFlow;
			productReference = 4C77EB0B2E2E450E008CBC6C /* kycFlow.app */;
			productType = "com.apple.product-type.application";
		};
		4C77EB1A2E2E4510008CBC6C /* kycFlowTests */ = {
			isa = PBXNativeTarget;
			buildConfigurationList = 4C77EB322E2E4510008CBC6C /* Build configuration list for PBXNativeTarget "kycFlowTests" */;
			buildPhases = (
				4C77EB172E2E4510008CBC6C /* Sources */,
				4C77EB182E2E4510008CBC6C /* Frameworks */,
				4C77EB192E2E4510008CBC6C /* Resources */,
			);
			buildRules = (
			);
			dependencies = (
				4C77EB1D2E2E4510008CBC6C /* PBXTargetDependency */,
			);
			name = kycFlowTests;
			packageProductDependencies = (
			);
			productName = kycFlowTests;
			productReference = 4C77EB1B2E2E4510008CBC6C /* kycFlowTests.xctest */;
			productType = "com.apple.product-type.bundle.unit-test";
		};
		4C77EB242E2E4510008CBC6C /* kycFlowUITests */ = {
			isa = PBXNativeTarget;
			buildConfigurationList = 4C77EB352E2E4510008CBC6C /* Build configuration list for PBXNativeTarget "kycFlowUITests" */;
			buildPhases = (
				4C77EB212E2E4510008CBC6C /* Sources */,
				4C77EB222E2E4510008CBC6C /* Frameworks */,
				4C77EB232E2E4510008CBC6C /* Resources */,
			);
			buildRules = (
			);
			dependencies = (
				4C77EB272E2E4510008CBC6C /* PBXTargetDependency */,
			);
			name = kycFlowUITests;
			packageProductDependencies = (
			);
			productName = kycFlowUITests;
			productReference = 4C77EB252E2E4510008CBC6C /* kycFlowUITests.xctest */;
			productType = "com.apple.product-type.bundle.ui-testing";
		};
/* End PBXNativeTarget section */

/* Begin PBXProject section */
		4C77EB032E2E450E008CBC6C /* Project object */ = {
			isa = PBXProject;
			attributes = {
				BuildIndependentTargetsInParallel = 1;
				LastSwiftUpdateCheck = 1610;
				LastUpgradeCheck = 1610;
				TargetAttributes = {
					4C77EB0A2E2E450E008CBC6C = {
						CreatedOnToolsVersion = 16.1;
					};
					4C77EB1A2E2E4510008CBC6C = {
						CreatedOnToolsVersion = 16.1;
						TestTargetID = 4C77EB0A2E2E450E008CBC6C;
					};
					4C77EB242E2E4510008CBC6C = {
						CreatedOnToolsVersion = 16.1;
						TestTargetID = 4C77EB0A2E2E450E008CBC6C;
					};
				};
			};
			buildConfigurationList = 4C77EB062E2E450E008CBC6C /* Build configuration list for PBXProject "kycFlow" */;
			developmentRegion = en;
			hasScannedForEncodings = 0;
			knownRegions = (
				en,
				Base,
			);
			mainGroup = 4C77EB022E2E450E008CBC6C;
			minimizedProjectReferenceProxies = 1;
			preferredProjectObjectVersion = 77;
			productRefGroup = 4C77EB0C2E2E450E008CBC6C /* Products */;
			projectDirPath = "";
			projectRoot = "";
			targets = (
				4C77EB0A2E2E450E008CBC6C /* kycFlow */,
				4C77EB1A2E2E4510008CBC6C /* kycFlowTests */,
				4C77EB242E2E4510008CBC6C /* kycFlowUITests */,
			);
		};
/* End PBXProject section */

/* Begin PBXResourcesBuildPhase section */
		4C77EB092E2E450E008CBC6C /* Resources */ = {
			isa = PBXResourcesBuildPhase;
			buildActionMask = 2147483647;
			files = (
				4C917D7A2E303B11007817EB /* Launch Screen.storyboard in Resources */,
				4CF331B32E302CCB0080D0A4 /* kyc_de.json in Resources */,
				4CAE8C0B2E2FCBFC00B69BA8 /* Assets.xcassets in Resources */,
				4CAE8C0D2E2FCBFC00B69BA8 /* Manifest.json in Resources */,
				4CAE8C1E2E2FCD0200B69BA8 /* kyc_tr.json in Resources */,
				4CF331AF2E302BA90080D0A4 /* kyc_nl.json in Resources */,
			);
			runOnlyForDeploymentPostprocessing = 0;
		};
		4C77EB192E2E4510008CBC6C /* Resources */ = {
			isa = PBXResourcesBuildPhase;
			buildActionMask = 2147483647;
			files = (
			);
			runOnlyForDeploymentPostprocessing = 0;
		};
		4C77EB232E2E4510008CBC6C /* Resources */ = {
			isa = PBXResourcesBuildPhase;
			buildActionMask = 2147483647;
			files = (
			);
			runOnlyForDeploymentPostprocessing = 0;
		};
/* End PBXResourcesBuildPhase section */

/* Begin PBXSourcesBuildPhase section */
		4C77EB072E2E450E008CBC6C /* Sources */ = {
			isa = PBXSourcesBuildPhase;
			buildActionMask = 2147483647;
			files = (
				4CE01A5B2E2FE494009174E7 /* ConfigurationManager.swift in Sources */,
				4CD65D8A2E3051410063B253 /* FormFieldView.swift in Sources */,
				4CE01A5E2E2FE932009174E7 /* CountrySelectionView.swift in Sources */,
				4CAE8C232E2FCE5500B69BA8 /* KycCountryInfo.swift in Sources */,
				4CAE8C282E2FD56200B69BA8 /* DataDecoder.swift in Sources */,
				4CD65D882E304D700063B253 /* FormFieldItemViewModel.swift in Sources */,
				4CAE8C212E2FCDB800B69BA8 /* CountryInfo.swift in Sources */,
				4CAE8C252E2FD44000B69BA8 /* LoadData.swift in Sources */,
				4CF331A42E3017C80080D0A4 /* FormViewModel.swift in Sources */,
				4CAE8C092E2FCBFC00B69BA8 /* RootView.swift in Sources */,
				4CAE8C0A2E2FCBFC00B69BA8 /* kycFlowApp.swift in Sources */,
				4CF3319F2E3016620080D0A4 /* AppRouter.swift in Sources */,
				4CF331AE2E3028050080D0A4 /* HeaderView.swift in Sources */,
				4CF331A72E3022300080D0A4 /* CountryPickerCardView.swift in Sources */,
				4CF331A12E30179A0080D0A4 /* FormView.swift in Sources */,
				4CF331A92E3023710080D0A4 /* PrimaryButtonView.swift in Sources */,
			);
			runOnlyForDeploymentPostprocessing = 0;
		};
		4C77EB172E2E4510008CBC6C /* Sources */ = {
			isa = PBXSourcesBuildPhase;
			buildActionMask = 2147483647;
			files = (
				4CAE8C102E2FCC0000B69BA8 /* kycFlowTests.swift in Sources */,
			);
			runOnlyForDeploymentPostprocessing = 0;
		};
		4C77EB212E2E4510008CBC6C /* Sources */ = {
			isa = PBXSourcesBuildPhase;
			buildActionMask = 2147483647;
			files = (
				4CAE8C142E2FCC0400B69BA8 /* kycFlowUITests.swift in Sources */,
				4CAE8C152E2FCC0400B69BA8 /* kycFlowUITestsLaunchTests.swift in Sources */,
			);
			runOnlyForDeploymentPostprocessing = 0;
		};
/* End PBXSourcesBuildPhase section */

/* Begin PBXTargetDependency section */
		4C77EB1D2E2E4510008CBC6C /* PBXTargetDependency */ = {
			isa = PBXTargetDependency;
			target = 4C77EB0A2E2E450E008CBC6C /* kycFlow */;
			targetProxy = 4C77EB1C2E2E4510008CBC6C /* PBXContainerItemProxy */;
		};
		4C77EB272E2E4510008CBC6C /* PBXTargetDependency */ = {
			isa = PBXTargetDependency;
			target = 4C77EB0A2E2E450E008CBC6C /* kycFlow */;
			targetProxy = 4C77EB262E2E4510008CBC6C /* PBXContainerItemProxy */;
		};
/* End PBXTargetDependency section */

/* Begin XCBuildConfiguration section */
		4C77EB2D2E2E4510008CBC6C /* Debug */ = {
			isa = XCBuildConfiguration;
			buildSettings = {
				ALWAYS_SEARCH_USER_PATHS = NO;
				ASSETCATALOG_COMPILER_GENERATE_SWIFT_ASSET_SYMBOL_EXTENSIONS = YES;
				CLANG_ANALYZER_NONNULL = YES;
				CLANG_ANALYZER_NUMBER_OBJECT_CONVERSION = YES_AGGRESSIVE;
				CLANG_CXX_LANGUAGE_STANDARD = "gnu++20";
				CLANG_ENABLE_MODULES = YES;
				CLANG_ENABLE_OBJC_ARC = YES;
				CLANG_ENABLE_OBJC_WEAK = YES;
				CLANG_WARN_BLOCK_CAPTURE_AUTORELEASING = YES;
				CLANG_WARN_BOOL_CONVERSION = YES;
				CLANG_WARN_COMMA = YES;
				CLANG_WARN_CONSTANT_CONVERSION = YES;
				CLANG_WARN_DEPRECATED_OBJC_IMPLEMENTATIONS = YES;
				CLANG_WARN_DIRECT_OBJC_ISA_USAGE = YES_ERROR;
				CLANG_WARN_DOCUMENTATION_COMMENTS = YES;
				CLANG_WARN_EMPTY_BODY = YES;
				CLANG_WARN_ENUM_CONVERSION = YES;
				CLANG_WARN_INFINITE_RECURSION = YES;
				CLANG_WARN_INT_CONVERSION = YES;
				CLANG_WARN_NON_LITERAL_NULL_CONVERSION = YES;
				CLANG_WARN_OBJC_IMPLICIT_RETAIN_SELF = YES;
				CLANG_WARN_OBJC_LITERAL_CONVERSION = YES;
				CLANG_WARN_OBJC_ROOT_CLASS = YES_ERROR;
				CLANG_WARN_QUOTED_INCLUDE_IN_FRAMEWORK_HEADER = YES;
				CLANG_WARN_RANGE_LOOP_ANALYSIS = YES;
				CLANG_WARN_STRICT_PROTOTYPES = YES;
				CLANG_WARN_SUSPICIOUS_MOVE = YES;
				CLANG_WARN_UNGUARDED_AVAILABILITY = YES_AGGRESSIVE;
				CLANG_WARN_UNREACHABLE_CODE = YES;
				CLANG_WARN__DUPLICATE_METHOD_MATCH = YES;
				COPY_PHASE_STRIP = NO;
				DEBUG_INFORMATION_FORMAT = dwarf;
				ENABLE_STRICT_OBJC_MSGSEND = YES;
				ENABLE_TESTABILITY = YES;
				ENABLE_USER_SCRIPT_SANDBOXING = YES;
				GCC_C_LANGUAGE_STANDARD = gnu17;
				GCC_DYNAMIC_NO_PIC = NO;
				GCC_NO_COMMON_BLOCKS = YES;
				GCC_OPTIMIZATION_LEVEL = 0;
				GCC_PREPROCESSOR_DEFINITIONS = (
					"DEBUG=1",
					"$(inherited)",
				);
				GCC_WARN_64_TO_32_BIT_CONVERSION = YES;
				GCC_WARN_ABOUT_RETURN_TYPE = YES_ERROR;
				GCC_WARN_UNDECLARED_SELECTOR = YES;
				GCC_WARN_UNINITIALIZED_AUTOS = YES_AGGRESSIVE;
				GCC_WARN_UNUSED_FUNCTION = YES;
				GCC_WARN_UNUSED_VARIABLE = YES;
				IPHONEOS_DEPLOYMENT_TARGET = 18.1;
				LOCALIZATION_PREFERS_STRING_CATALOGS = YES;
				MTL_ENABLE_DEBUG_INFO = INCLUDE_SOURCE;
				MTL_FAST_MATH = YES;
				ONLY_ACTIVE_ARCH = YES;
				SDKROOT = iphoneos;
				SWIFT_ACTIVE_COMPILATION_CONDITIONS = "DEBUG $(inherited)";
				SWIFT_OPTIMIZATION_LEVEL = "-Onone";
			};
			name = Debug;
		};
		4C77EB2E2E2E4510008CBC6C /* Release */ = {
			isa = XCBuildConfiguration;
			buildSettings = {
				ALWAYS_SEARCH_USER_PATHS = NO;
				ASSETCATALOG_COMPILER_GENERATE_SWIFT_ASSET_SYMBOL_EXTENSIONS = YES;
				CLANG_ANALYZER_NONNULL = YES;
				CLANG_ANALYZER_NUMBER_OBJECT_CONVERSION = YES_AGGRESSIVE;
				CLANG_CXX_LANGUAGE_STANDARD = "gnu++20";
				CLANG_ENABLE_MODULES = YES;
				CLANG_ENABLE_OBJC_ARC = YES;
				CLANG_ENABLE_OBJC_WEAK = YES;
				CLANG_WARN_BLOCK_CAPTURE_AUTORELEASING = YES;
				CLANG_WARN_BOOL_CONVERSION = YES;
				CLANG_WARN_COMMA = YES;
				CLANG_WARN_CONSTANT_CONVERSION = YES;
				CLANG_WARN_DEPRECATED_OBJC_IMPLEMENTATIONS = YES;
				CLANG_WARN_DIRECT_OBJC_ISA_USAGE = YES_ERROR;
				CLANG_WARN_DOCUMENTATION_COMMENTS = YES;
				CLANG_WARN_EMPTY_BODY = YES;
				CLANG_WARN_ENUM_CONVERSION = YES;
				CLANG_WARN_INFINITE_RECURSION = YES;
				CLANG_WARN_INT_CONVERSION = YES;
				CLANG_WARN_NON_LITERAL_NULL_CONVERSION = YES;
				CLANG_WARN_OBJC_IMPLICIT_RETAIN_SELF = YES;
				CLANG_WARN_OBJC_LITERAL_CONVERSION = YES;
				CLANG_WARN_OBJC_ROOT_CLASS = YES_ERROR;
				CLANG_WARN_QUOTED_INCLUDE_IN_FRAMEWORK_HEADER = YES;
				CLANG_WARN_RANGE_LOOP_ANALYSIS = YES;
				CLANG_WARN_STRICT_PROTOTYPES = YES;
				CLANG_WARN_SUSPICIOUS_MOVE = YES;
				CLANG_WARN_UNGUARDED_AVAILABILITY = YES_AGGRESSIVE;
				CLANG_WARN_UNREACHABLE_CODE = YES;
				CLANG_WARN__DUPLICATE_METHOD_MATCH = YES;
				COPY_PHASE_STRIP = NO;
				DEBUG_INFORMATION_FORMAT = "dwarf-with-dsym";
				ENABLE_NS_ASSERTIONS = NO;
				ENABLE_STRICT_OBJC_MSGSEND = YES;
				ENABLE_USER_SCRIPT_SANDBOXING = YES;
				GCC_C_LANGUAGE_STANDARD = gnu17;
				GCC_NO_COMMON_BLOCKS = YES;
				GCC_WARN_64_TO_32_BIT_CONVERSION = YES;
				GCC_WARN_ABOUT_RETURN_TYPE = YES_ERROR;
				GCC_WARN_UNDECLARED_SELECTOR = YES;
				GCC_WARN_UNINITIALIZED_AUTOS = YES_AGGRESSIVE;
				GCC_WARN_UNUSED_FUNCTION = YES;
				GCC_WARN_UNUSED_VARIABLE = YES;
				IPHONEOS_DEPLOYMENT_TARGET = 18.1;
				LOCALIZATION_PREFERS_STRING_CATALOGS = YES;
				MTL_ENABLE_DEBUG_INFO = NO;
				MTL_FAST_MATH = YES;
				SDKROOT = iphoneos;
				SWIFT_COMPILATION_MODE = wholemodule;
				VALIDATE_PRODUCT = YES;
			};
			name = Release;
		};
		4C77EB302E2E4510008CBC6C /* Debug */ = {
			isa = XCBuildConfiguration;
			buildSettings = {
				ASSETCATALOG_COMPILER_APPICON_NAME = AppIcon;
				ASSETCATALOG_COMPILER_GLOBAL_ACCENT_COLOR_NAME = AccentColor;
				CODE_SIGN_STYLE = Automatic;
				CURRENT_PROJECT_VERSION = 1;
				DEVELOPMENT_TEAM = 5392CWJ939;
				ENABLE_PREVIEWS = YES;
				GENERATE_INFOPLIST_FILE = YES;
				INFOPLIST_FILE = kycFlow/Info.plist;
				INFOPLIST_KEY_CFBundleDisplayName = Meridian;
				INFOPLIST_KEY_UIApplicationSceneManifest_Generation = YES;
				INFOPLIST_KEY_UIApplicationSupportsIndirectInputEvents = YES;
				INFOPLIST_KEY_UILaunchStoryboardName = "Launch Screen";
				INFOPLIST_KEY_UISupportedInterfaceOrientations_iPad = "UIInterfaceOrientationPortrait UIInterfaceOrientationPortraitUpsideDown UIInterfaceOrientationLandscapeLeft UIInterfaceOrientationLandscapeRight";
				INFOPLIST_KEY_UISupportedInterfaceOrientations_iPhone = "UIInterfaceOrientationPortrait UIInterfaceOrientationLandscapeLeft UIInterfaceOrientationLandscapeRight";
				IPHONEOS_DEPLOYMENT_TARGET = 17.0;
				LD_RUNPATH_SEARCH_PATHS = (
					"$(inherited)",
					"@executable_path/Frameworks",
				);
				MARKETING_VERSION = 1.0;
				PRODUCT_BUNDLE_IDENTIFIER = berfinnurOktay.kycFlow;
				PRODUCT_NAME = "$(TARGET_NAME)";
				SWIFT_EMIT_LOC_STRINGS = YES;
				SWIFT_VERSION = 5.0;
				TARGETED_DEVICE_FAMILY = "1,2";
			};
			name = Debug;
		};
		4C77EB312E2E4510008CBC6C /* Release */ = {
			isa = XCBuildConfiguration;
			buildSettings = {
				ASSETCATALOG_COMPILER_APPICON_NAME = AppIcon;
				ASSETCATALOG_COMPILER_GLOBAL_ACCENT_COLOR_NAME = AccentColor;
				CODE_SIGN_STYLE = Automatic;
				CURRENT_PROJECT_VERSION = 1;
				DEVELOPMENT_TEAM = 5392CWJ939;
				ENABLE_PREVIEWS = YES;
				GENERATE_INFOPLIST_FILE = YES;
				INFOPLIST_FILE = kycFlow/Info.plist;
				INFOPLIST_KEY_CFBundleDisplayName = Meridian;
				INFOPLIST_KEY_UIApplicationSceneManifest_Generation = YES;
				INFOPLIST_KEY_UIApplicationSupportsIndirectInputEvents = YES;
				INFOPLIST_KEY_UILaunchStoryboardName = "Launch Screen";
				INFOPLIST_KEY_UISupportedInterfaceOrientations_iPad = "UIInterfaceOrientationPortrait UIInterfaceOrientationPortraitUpsideDown UIInterfaceOrientationLandscapeLeft UIInterfaceOrientationLandscapeRight";
				INFOPLIST_KEY_UISupportedInterfaceOrientations_iPhone = "UIInterfaceOrientationPortrait UIInterfaceOrientationLandscapeLeft UIInterfaceOrientationLandscapeRight";
				IPHONEOS_DEPLOYMENT_TARGET = 17.0;
				LD_RUNPATH_SEARCH_PATHS = (
					"$(inherited)",
					"@executable_path/Frameworks",
				);
				MARKETING_VERSION = 1.0;
				PRODUCT_BUNDLE_IDENTIFIER = berfinnurOktay.kycFlow;
				PRODUCT_NAME = "$(TARGET_NAME)";
				SWIFT_EMIT_LOC_STRINGS = YES;
				SWIFT_VERSION = 5.0;
				TARGETED_DEVICE_FAMILY = "1,2";
			};
			name = Release;
		};
		4C77EB332E2E4510008CBC6C /* Debug */ = {
			isa = XCBuildConfiguration;
			buildSettings = {
				BUNDLE_LOADER = "$(TEST_HOST)";
				CODE_SIGN_STYLE = Automatic;
				CURRENT_PROJECT_VERSION = 1;
				DEVELOPMENT_TEAM = 5392CWJ939;
				GENERATE_INFOPLIST_FILE = YES;
				IPHONEOS_DEPLOYMENT_TARGET = 18.1;
				MARKETING_VERSION = 1.0;
				PRODUCT_BUNDLE_IDENTIFIER = berfinnurOktay.kycFlowTests;
				PRODUCT_NAME = "$(TARGET_NAME)";
				SWIFT_EMIT_LOC_STRINGS = NO;
				SWIFT_VERSION = 5.0;
				TARGETED_DEVICE_FAMILY = "1,2";
				TEST_HOST = "$(BUILT_PRODUCTS_DIR)/kycFlow.app/$(BUNDLE_EXECUTABLE_FOLDER_PATH)/kycFlow";
			};
			name = Debug;
		};
		4C77EB342E2E4510008CBC6C /* Release */ = {
			isa = XCBuildConfiguration;
			buildSettings = {
				BUNDLE_LOADER = "$(TEST_HOST)";
				CODE_SIGN_STYLE = Automatic;
				CURRENT_PROJECT_VERSION = 1;
				DEVELOPMENT_TEAM = 5392CWJ939;
				GENERATE_INFOPLIST_FILE = YES;
				IPHONEOS_DEPLOYMENT_TARGET = 18.1;
				MARKETING_VERSION = 1.0;
				PRODUCT_BUNDLE_IDENTIFIER = berfinnurOktay.kycFlowTests;
				PRODUCT_NAME = "$(TARGET_NAME)";
				SWIFT_EMIT_LOC_STRINGS = NO;
				SWIFT_VERSION = 5.0;
				TARGETED_DEVICE_FAMILY = "1,2";
				TEST_HOST = "$(BUILT_PRODUCTS_DIR)/kycFlow.app/$(BUNDLE_EXECUTABLE_FOLDER_PATH)/kycFlow";
			};
			name = Release;
		};
		4C77EB362E2E4510008CBC6C /* Debug */ = {
			isa = XCBuildConfiguration;
			buildSettings = {
				CODE_SIGN_STYLE = Automatic;
				CURRENT_PROJECT_VERSION = 1;
				DEVELOPMENT_TEAM = 5392CWJ939;
				GENERATE_INFOPLIST_FILE = YES;
				MARKETING_VERSION = 1.0;
				PRODUCT_BUNDLE_IDENTIFIER = berfinnurOktay.kycFlowUITests;
				PRODUCT_NAME = "$(TARGET_NAME)";
				SWIFT_EMIT_LOC_STRINGS = NO;
				SWIFT_VERSION = 5.0;
				TARGETED_DEVICE_FAMILY = "1,2";
				TEST_TARGET_NAME = kycFlow;
			};
			name = Debug;
		};
		4C77EB372E2E4510008CBC6C /* Release */ = {
			isa = XCBuildConfiguration;
			buildSettings = {
				CODE_SIGN_STYLE = Automatic;
				CURRENT_PROJECT_VERSION = 1;
				DEVELOPMENT_TEAM = 5392CWJ939;
				GENERATE_INFOPLIST_FILE = YES;
				MARKETING_VERSION = 1.0;
				PRODUCT_BUNDLE_IDENTIFIER = berfinnurOktay.kycFlowUITests;
				PRODUCT_NAME = "$(TARGET_NAME)";
				SWIFT_EMIT_LOC_STRINGS = NO;
				SWIFT_VERSION = 5.0;
				TARGETED_DEVICE_FAMILY = "1,2";
				TEST_TARGET_NAME = kycFlow;
			};
			name = Release;
		};
/* End XCBuildConfiguration section */

/* Begin XCConfigurationList section */
		4C77EB062E2E450E008CBC6C /* Build configuration list for PBXProject "kycFlow" */ = {
			isa = XCConfigurationList;
			buildConfigurations = (
				4C77EB2D2E2E4510008CBC6C /* Debug */,
				4C77EB2E2E2E4510008CBC6C /* Release */,
			);
			defaultConfigurationIsVisible = 0;
			defaultConfigurationName = Release;
		};
		4C77EB2F2E2E4510008CBC6C /* Build configuration list for PBXNativeTarget "kycFlow" */ = {
			isa = XCConfigurationList;
			buildConfigurations = (
				4C77EB302E2E4510008CBC6C /* Debug */,
				4C77EB312E2E4510008CBC6C /* Release */,
			);
			defaultConfigurationIsVisible = 0;
			defaultConfigurationName = Release;
		};
		4C77EB322E2E4510008CBC6C /* Build configuration list for PBXNativeTarget "kycFlowTests" */ = {
			isa = XCConfigurationList;
			buildConfigurations = (
				4C77EB332E2E4510008CBC6C /* Debug */,
				4C77EB342E2E4510008CBC6C /* Release */,
			);
			defaultConfigurationIsVisible = 0;
			defaultConfigurationName = Release;
		};
		4C77EB352E2E4510008CBC6C /* Build configuration list for PBXNativeTarget "kycFlowUITests" */ = {
			isa = XCConfigurationList;
			buildConfigurations = (
				4C77EB362E2E4510008CBC6C /* Debug */,
				4C77EB372E2E4510008CBC6C /* Release */,
			);
			defaultConfigurationIsVisible = 0;
			defaultConfigurationName = Release;
		};
/* End XCConfigurationList section */
	};
	rootObject = 4C77EB032E2E450E008CBC6C /* Project object */;
}
